// !$*UTF8*$!
{
	archiveVersion = 1;
	classes = {
	};
	objectVersion = 56;
	objects = {

/* Begin PBXBuildFile section */
		E847F3EF79EED9B1D1C7B60A /* Pods_ECommerceAppPizza.framework in Frameworks */ = {isa = PBXBuildFile; fileRef = 39F2CE82BC3B10112DD2675A /* Pods_ECommerceAppPizza.framework */; };
		F2108A472A31DCA700011A1C /* LikedPage.swift in Sources */ = {isa = PBXBuildFile; fileRef = F2108A462A31DCA700011A1C /* LikedPage.swift */; };
		F2108A492A32194300011A1C /* CartPage.swift in Sources */ = {isa = PBXBuildFile; fileRef = F2108A482A32194300011A1C /* CartPage.swift */; };
		F2108A4C2A322AC000011A1C /* FirebaseAnalytics in Frameworks */ = {isa = PBXBuildFile; productRef = F2108A4B2A322AC000011A1C /* FirebaseAnalytics */; };
		F2108A4E2A322AC000011A1C /* FirebaseAuth in Frameworks */ = {isa = PBXBuildFile; productRef = F2108A4D2A322AC000011A1C /* FirebaseAuth */; };
		F2108A502A322AC000011A1C /* FirebaseFirestore in Frameworks */ = {isa = PBXBuildFile; productRef = F2108A4F2A322AC000011A1C /* FirebaseFirestore */; };
		F2108A522A322AC000011A1C /* FirebaseFirestoreSwift in Frameworks */ = {isa = PBXBuildFile; productRef = F2108A512A322AC000011A1C /* FirebaseFirestoreSwift */; };
		F2108A542A322AC000011A1C /* FirebaseInAppMessaging-Beta in Frameworks */ = {isa = PBXBuildFile; productRef = F2108A532A322AC000011A1C /* FirebaseInAppMessaging-Beta */; };
		F2108A562A322AC000011A1C /* FirebaseInAppMessagingSwift-Beta in Frameworks */ = {isa = PBXBuildFile; productRef = F2108A552A322AC000011A1C /* FirebaseInAppMessagingSwift-Beta */; };
		F2108A582A322AC000011A1C /* FirebaseMessaging in Frameworks */ = {isa = PBXBuildFile; productRef = F2108A572A322AC000011A1C /* FirebaseMessaging */; };
		F2108A5A2A322AC000011A1C /* FirebaseStorage in Frameworks */ = {isa = PBXBuildFile; productRef = F2108A592A322AC000011A1C /* FirebaseStorage */; };
		F2108A5F2A32309400011A1C /* GoogleService-Info.plist in Resources */ = {isa = PBXBuildFile; fileRef = F2108A5E2A32309400011A1C /* GoogleService-Info.plist */; };
		F2108A622A323A5B00011A1C /* DataBaseService.swift in Sources */ = {isa = PBXBuildFile; fileRef = F2108A612A323A5B00011A1C /* DataBaseService.swift */; };
		F21810812A3CBACE00A5BA51 /* pizza.json in Resources */ = {isa = PBXBuildFile; fileRef = F21810802A3CBACE00A5BA51 /* pizza.json */; };
		F21810832A3CBB1B00A5BA51 /* LottieView.swift in Sources */ = {isa = PBXBuildFile; fileRef = F21810822A3CBB1B00A5BA51 /* LottieView.swift */; };
		F21810872A3CBBD000A5BA51 /* calculator.json in Resources */ = {isa = PBXBuildFile; fileRef = F21810862A3CBBD000A5BA51 /* calculator.json */; };
		F218108A2A3CD42500A5BA51 /* iPhoneNumberField in Frameworks */ = {isa = PBXBuildFile; productRef = F21810892A3CD42500A5BA51 /* iPhoneNumberField */; };
		F2415CB72A376A970006A496 /* Order.swift in Sources */ = {isa = PBXBuildFile; fileRef = F2415CB62A376A970006A496 /* Order.swift */; };
		F2415CBA2A37799D0006A496 /* Position.swift in Sources */ = {isa = PBXBuildFile; fileRef = F2415CB92A37799D0006A496 /* Position.swift */; };
		F27496652A37443900C87793 /* SDWebImageSwiftUI in Frameworks */ = {isa = PBXBuildFile; productRef = F27496642A37443900C87793 /* SDWebImageSwiftUI */; };
		F27496682A37513800C87793 /* CustomSegmentedControl.swift in Sources */ = {isa = PBXBuildFile; fileRef = F27496672A37513800C87793 /* CustomSegmentedControl.swift */; };
		F274966A2A375CEF00C87793 /* CartDetailPage.swift in Sources */ = {isa = PBXBuildFile; fileRef = F27496692A375CEF00C87793 /* CartDetailPage.swift */; };
		F29C72CB2A2E52A300685D27 /* ECommerceAppPizzaApp.swift in Sources */ = {isa = PBXBuildFile; fileRef = F29C72CA2A2E52A300685D27 /* ECommerceAppPizzaApp.swift */; };
		F29C72CD2A2E52A300685D27 /* MainPage.swift in Sources */ = {isa = PBXBuildFile; fileRef = F29C72CC2A2E52A300685D27 /* MainPage.swift */; };
		F29C72CF2A2E52A500685D27 /* Assets.xcassets in Resources */ = {isa = PBXBuildFile; fileRef = F29C72CE2A2E52A500685D27 /* Assets.xcassets */; };
		F29C72D22A2E52A500685D27 /* Preview Assets.xcassets in Resources */ = {isa = PBXBuildFile; fileRef = F29C72D12A2E52A500685D27 /* Preview Assets.xcassets */; };
		F2A729FF2A3024A1001F59A8 /* ProductDetailView.swift in Sources */ = {isa = PBXBuildFile; fileRef = F2A729FE2A3024A1001F59A8 /* ProductDetailView.swift */; };
		F2A72A012A3024E5001F59A8 /* SharedDataModel.swift in Sources */ = {isa = PBXBuildFile; fileRef = F2A72A002A3024E5001F59A8 /* SharedDataModel.swift */; };
		F2A72A032A302EF9001F59A8 /* CustomCorners.swift in Sources */ = {isa = PBXBuildFile; fileRef = F2A72A022A302EF9001F59A8 /* CustomCorners.swift */; };
		F2D2C3AD2A2F855A00870BDB /* Home.swift in Sources */ = {isa = PBXBuildFile; fileRef = F2D2C3AC2A2F855A00870BDB /* Home.swift */; };
		F2D2C3B22A2F88D100870BDB /* Raleway-SemiBold.ttf in Resources */ = {isa = PBXBuildFile; fileRef = F2D2C3AF2A2F88D000870BDB /* Raleway-SemiBold.ttf */; };
		F2D2C3B32A2F88D100870BDB /* Raleway-Bold.ttf in Resources */ = {isa = PBXBuildFile; fileRef = F2D2C3B02A2F88D000870BDB /* Raleway-Bold.ttf */; };
		F2D2C3B42A2F88D100870BDB /* Raleway-Regular.ttf in Resources */ = {isa = PBXBuildFile; fileRef = F2D2C3B12A2F88D100870BDB /* Raleway-Regular.ttf */; };
		F2D2C3B82A2F8DE300870BDB /* Product.swift in Sources */ = {isa = PBXBuildFile; fileRef = F2D2C3B72A2F8DE300870BDB /* Product.swift */; };
		F2D2C3BB2A2F903C00870BDB /* HomeViewModel.swift in Sources */ = {isa = PBXBuildFile; fileRef = F2D2C3BA2A2F903C00870BDB /* HomeViewModel.swift */; };
		F2D2C3BD2A2F9D8900870BDB /* MoreProductsView.swift in Sources */ = {isa = PBXBuildFile; fileRef = F2D2C3BC2A2F9D8900870BDB /* MoreProductsView.swift */; };
		F2D2C3BF2A2FAC3C00870BDB /* SearchView.swift in Sources */ = {isa = PBXBuildFile; fileRef = F2D2C3BE2A2FAC3C00870BDB /* SearchView.swift */; };
		F2D2C3C12A2FB62200870BDB /* StraggeredGrid.swift in Sources */ = {isa = PBXBuildFile; fileRef = F2D2C3C02A2FB62200870BDB /* StraggeredGrid.swift */; };
		F2D2C3C32A2FC44200870BDB /* ProfilePage.swift in Sources */ = {isa = PBXBuildFile; fileRef = F2D2C3C22A2FC44200870BDB /* ProfilePage.swift */; };
/* End PBXBuildFile section */

/* Begin PBXFileReference section */
		01044FBAB635B860971D122B /* Pods-ECommerceAppPizza.release.xcconfig */ = {isa = PBXFileReference; includeInIndex = 1; lastKnownFileType = text.xcconfig; name = "Pods-ECommerceAppPizza.release.xcconfig"; path = "Target Support Files/Pods-ECommerceAppPizza/Pods-ECommerceAppPizza.release.xcconfig"; sourceTree = "<group>"; };
		39F2CE82BC3B10112DD2675A /* Pods_ECommerceAppPizza.framework */ = {isa = PBXFileReference; explicitFileType = wrapper.framework; includeInIndex = 0; path = Pods_ECommerceAppPizza.framework; sourceTree = BUILT_PRODUCTS_DIR; };
		F121480E843612724C0EDD16 /* Pods-ECommerceAppPizza.debug.xcconfig */ = {isa = PBXFileReference; includeInIndex = 1; lastKnownFileType = text.xcconfig; name = "Pods-ECommerceAppPizza.debug.xcconfig"; path = "Target Support Files/Pods-ECommerceAppPizza/Pods-ECommerceAppPizza.debug.xcconfig"; sourceTree = "<group>"; };
		F2108A462A31DCA700011A1C /* LikedPage.swift */ = {isa = PBXFileReference; lastKnownFileType = sourcecode.swift; path = LikedPage.swift; sourceTree = "<group>"; };
		F2108A482A32194300011A1C /* CartPage.swift */ = {isa = PBXFileReference; lastKnownFileType = sourcecode.swift; path = CartPage.swift; sourceTree = "<group>"; };
		F2108A5E2A32309400011A1C /* GoogleService-Info.plist */ = {isa = PBXFileReference; fileEncoding = 4; lastKnownFileType = text.plist.xml; path = "GoogleService-Info.plist"; sourceTree = "<group>"; };
		F2108A612A323A5B00011A1C /* DataBaseService.swift */ = {isa = PBXFileReference; lastKnownFileType = sourcecode.swift; path = DataBaseService.swift; sourceTree = "<group>"; };
		F21810802A3CBACE00A5BA51 /* pizza.json */ = {isa = PBXFileReference; fileEncoding = 4; lastKnownFileType = text.json; path = pizza.json; sourceTree = "<group>"; };
		F21810822A3CBB1B00A5BA51 /* LottieView.swift */ = {isa = PBXFileReference; lastKnownFileType = sourcecode.swift; path = LottieView.swift; sourceTree = "<group>"; };
		F21810862A3CBBD000A5BA51 /* calculator.json */ = {isa = PBXFileReference; fileEncoding = 4; lastKnownFileType = text.json; path = calculator.json; sourceTree = "<group>"; };
		F2415CB62A376A970006A496 /* Order.swift */ = {isa = PBXFileReference; lastKnownFileType = sourcecode.swift; path = Order.swift; sourceTree = "<group>"; };
		F2415CB92A37799D0006A496 /* Position.swift */ = {isa = PBXFileReference; lastKnownFileType = sourcecode.swift; path = Position.swift; sourceTree = "<group>"; };
		F27496672A37513800C87793 /* CustomSegmentedControl.swift */ = {isa = PBXFileReference; lastKnownFileType = sourcecode.swift; path = CustomSegmentedControl.swift; sourceTree = "<group>"; };
		F27496692A375CEF00C87793 /* CartDetailPage.swift */ = {isa = PBXFileReference; lastKnownFileType = sourcecode.swift; path = CartDetailPage.swift; sourceTree = "<group>"; };
		F29C72C72A2E52A300685D27 /* ECommerceAppPizza.app */ = {isa = PBXFileReference; explicitFileType = wrapper.application; includeInIndex = 0; path = ECommerceAppPizza.app; sourceTree = BUILT_PRODUCTS_DIR; };
		F29C72CA2A2E52A300685D27 /* ECommerceAppPizzaApp.swift */ = {isa = PBXFileReference; lastKnownFileType = sourcecode.swift; path = ECommerceAppPizzaApp.swift; sourceTree = "<group>"; };
		F29C72CC2A2E52A300685D27 /* MainPage.swift */ = {isa = PBXFileReference; lastKnownFileType = sourcecode.swift; path = MainPage.swift; sourceTree = "<group>"; };
		F29C72CE2A2E52A500685D27 /* Assets.xcassets */ = {isa = PBXFileReference; lastKnownFileType = folder.assetcatalog; path = Assets.xcassets; sourceTree = "<group>"; };
		F29C72D12A2E52A500685D27 /* Preview Assets.xcassets */ = {isa = PBXFileReference; lastKnownFileType = folder.assetcatalog; path = "Preview Assets.xcassets"; sourceTree = "<group>"; };
		F2A729FE2A3024A1001F59A8 /* ProductDetailView.swift */ = {isa = PBXFileReference; lastKnownFileType = sourcecode.swift; path = ProductDetailView.swift; sourceTree = "<group>"; };
		F2A72A002A3024E5001F59A8 /* SharedDataModel.swift */ = {isa = PBXFileReference; lastKnownFileType = sourcecode.swift; path = SharedDataModel.swift; sourceTree = "<group>"; };
		F2A72A022A302EF9001F59A8 /* CustomCorners.swift */ = {isa = PBXFileReference; lastKnownFileType = sourcecode.swift; path = CustomCorners.swift; sourceTree = "<group>"; };
		F2D2C3AC2A2F855A00870BDB /* Home.swift */ = {isa = PBXFileReference; lastKnownFileType = sourcecode.swift; path = Home.swift; sourceTree = "<group>"; };
		F2D2C3AF2A2F88D000870BDB /* Raleway-SemiBold.ttf */ = {isa = PBXFileReference; lastKnownFileType = file; path = "Raleway-SemiBold.ttf"; sourceTree = "<group>"; };
		F2D2C3B02A2F88D000870BDB /* Raleway-Bold.ttf */ = {isa = PBXFileReference; lastKnownFileType = file; path = "Raleway-Bold.ttf"; sourceTree = "<group>"; };
		F2D2C3B12A2F88D100870BDB /* Raleway-Regular.ttf */ = {isa = PBXFileReference; lastKnownFileType = file; path = "Raleway-Regular.ttf"; sourceTree = "<group>"; };
		F2D2C3B52A2F890700870BDB /* Info.plist */ = {isa = PBXFileReference; lastKnownFileType = text.plist; path = Info.plist; sourceTree = "<group>"; };
		F2D2C3B72A2F8DE300870BDB /* Product.swift */ = {isa = PBXFileReference; lastKnownFileType = sourcecode.swift; path = Product.swift; sourceTree = "<group>"; };
		F2D2C3BA2A2F903C00870BDB /* HomeViewModel.swift */ = {isa = PBXFileReference; lastKnownFileType = sourcecode.swift; path = HomeViewModel.swift; sourceTree = "<group>"; };
		F2D2C3BC2A2F9D8900870BDB /* MoreProductsView.swift */ = {isa = PBXFileReference; lastKnownFileType = sourcecode.swift; path = MoreProductsView.swift; sourceTree = "<group>"; };
		F2D2C3BE2A2FAC3C00870BDB /* SearchView.swift */ = {isa = PBXFileReference; lastKnownFileType = sourcecode.swift; path = SearchView.swift; sourceTree = "<group>"; };
		F2D2C3C02A2FB62200870BDB /* StraggeredGrid.swift */ = {isa = PBXFileReference; lastKnownFileType = sourcecode.swift; path = StraggeredGrid.swift; sourceTree = "<group>"; };
		F2D2C3C22A2FC44200870BDB /* ProfilePage.swift */ = {isa = PBXFileReference; lastKnownFileType = sourcecode.swift; path = ProfilePage.swift; sourceTree = "<group>"; };
/* End PBXFileReference section */

/* Begin PBXFrameworksBuildPhase section */
		F29C72C42A2E52A300685D27 /* Frameworks */ = {
			isa = PBXFrameworksBuildPhase;
			buildActionMask = 2147483647;
			files = (
				F27496652A37443900C87793 /* SDWebImageSwiftUI in Frameworks */,
				F2108A4C2A322AC000011A1C /* FirebaseAnalytics in Frameworks */,
				F218108A2A3CD42500A5BA51 /* iPhoneNumberField in Frameworks */,
				F2108A4E2A322AC000011A1C /* FirebaseAuth in Frameworks */,
				F2108A582A322AC000011A1C /* FirebaseMessaging in Frameworks */,
				F2108A502A322AC000011A1C /* FirebaseFirestore in Frameworks */,
				F2108A522A322AC000011A1C /* FirebaseFirestoreSwift in Frameworks */,
				F2108A5A2A322AC000011A1C /* FirebaseStorage in Frameworks */,
				F2108A562A322AC000011A1C /* FirebaseInAppMessagingSwift-Beta in Frameworks */,
				F2108A542A322AC000011A1C /* FirebaseInAppMessaging-Beta in Frameworks */,
				E847F3EF79EED9B1D1C7B60A /* Pods_ECommerceAppPizza.framework in Frameworks */,
			);
			runOnlyForDeploymentPostprocessing = 0;
		};
/* End PBXFrameworksBuildPhase section */

/* Begin PBXGroup section */
		AE07C5E3A7F2B4C983259C16 /* Pods */ = {
			isa = PBXGroup;
			children = (
				F121480E843612724C0EDD16 /* Pods-ECommerceAppPizza.debug.xcconfig */,
				01044FBAB635B860971D122B /* Pods-ECommerceAppPizza.release.xcconfig */,
			);
			path = Pods;
			sourceTree = "<group>";
		};
		D8C7AAEF2723E647F2B10C2D /* Frameworks */ = {
			isa = PBXGroup;
			children = (
				39F2CE82BC3B10112DD2675A /* Pods_ECommerceAppPizza.framework */,
			);
			name = Frameworks;
			sourceTree = "<group>";
		};
		F2108A602A323A4700011A1C /* NetworkService */ = {
			isa = PBXGroup;
			children = (
				F2108A612A323A5B00011A1C /* DataBaseService.swift */,
			);
			path = NetworkService;
			sourceTree = "<group>";
		};
		F27496662A37511C00C87793 /* CustomView */ = {
			isa = PBXGroup;
			children = (
				F27496672A37513800C87793 /* CustomSegmentedControl.swift */,
				F21810822A3CBB1B00A5BA51 /* LottieView.swift */,
			);
			path = CustomView;
			sourceTree = "<group>";
		};
		F29C72BE2A2E52A300685D27 = {
			isa = PBXGroup;
			children = (
				F29C72C92A2E52A300685D27 /* ECommerceAppPizza */,
				F29C72C82A2E52A300685D27 /* Products */,
				AE07C5E3A7F2B4C983259C16 /* Pods */,
				D8C7AAEF2723E647F2B10C2D /* Frameworks */,
			);
			sourceTree = "<group>";
		};
		F29C72C82A2E52A300685D27 /* Products */ = {
			isa = PBXGroup;
			children = (
				F29C72C72A2E52A300685D27 /* ECommerceAppPizza.app */,
			);
			name = Products;
			sourceTree = "<group>";
		};
		F29C72C92A2E52A300685D27 /* ECommerceAppPizza */ = {
			isa = PBXGroup;
			children = (
				F2108A5E2A32309400011A1C /* GoogleService-Info.plist */,
				F2D2C3B52A2F890700870BDB /* Info.plist */,
				F29C72CA2A2E52A300685D27 /* ECommerceAppPizzaApp.swift */,
				F2108A602A323A4700011A1C /* NetworkService */,
				F2D2C3B62A2F8DCA00870BDB /* Model */,
				F2D2C3B92A2F902C00870BDB /* ViewModel */,
				F2D2C3AA2A2F853D00870BDB /* View */,
				F29C72CE2A2E52A500685D27 /* Assets.xcassets */,
				F21810862A3CBBD000A5BA51 /* calculator.json */,
				F21810802A3CBACE00A5BA51 /* pizza.json */,
				F2D2C3AE2A2F88B200870BDB /* Fonts */,
				F29C72D02A2E52A500685D27 /* Preview Content */,
			);
			path = ECommerceAppPizza;
			sourceTree = "<group>";
		};
		F29C72D02A2E52A500685D27 /* Preview Content */ = {
			isa = PBXGroup;
			children = (
				F29C72D12A2E52A500685D27 /* Preview Assets.xcassets */,
			);
			path = "Preview Content";
			sourceTree = "<group>";
		};
		F2D2C3AA2A2F853D00870BDB /* View */ = {
			isa = PBXGroup;
			children = (
				F2D2C3AB2A2F854B00870BDB /* TabViews */,
				F27496692A375CEF00C87793 /* CartDetailPage.swift */,
				F29C72CC2A2E52A300685D27 /* MainPage.swift */,
				F2D2C3BC2A2F9D8900870BDB /* MoreProductsView.swift */,
				F2D2C3BE2A2FAC3C00870BDB /* SearchView.swift */,
				F2D2C3C02A2FB62200870BDB /* StraggeredGrid.swift */,
				F2A729FE2A3024A1001F59A8 /* ProductDetailView.swift */,
				F2A72A022A302EF9001F59A8 /* CustomCorners.swift */,
				F27496662A37511C00C87793 /* CustomView */,
			);
			path = View;
			sourceTree = "<group>";
		};
		F2D2C3AB2A2F854B00870BDB /* TabViews */ = {
			isa = PBXGroup;
			children = (
				F2D2C3AC2A2F855A00870BDB /* Home.swift */,
				F2D2C3C22A2FC44200870BDB /* ProfilePage.swift */,
				F2108A462A31DCA700011A1C /* LikedPage.swift */,
				F2108A482A32194300011A1C /* CartPage.swift */,
			);
			path = TabViews;
			sourceTree = "<group>";
		};
		F2D2C3AE2A2F88B200870BDB /* Fonts */ = {
			isa = PBXGroup;
			children = (
				F2D2C3B02A2F88D000870BDB /* Raleway-Bold.ttf */,
				F2D2C3B12A2F88D100870BDB /* Raleway-Regular.ttf */,
				F2D2C3AF2A2F88D000870BDB /* Raleway-SemiBold.ttf */,
			);
			path = Fonts;
			sourceTree = "<group>";
		};
		F2D2C3B62A2F8DCA00870BDB /* Model */ = {
			isa = PBXGroup;
			children = (
				F2D2C3B72A2F8DE300870BDB /* Product.swift */,
				F2415CB92A37799D0006A496 /* Position.swift */,
				F2415CB62A376A970006A496 /* Order.swift */,
			);
			path = Model;
			sourceTree = "<group>";
		};
		F2D2C3B92A2F902C00870BDB /* ViewModel */ = {
			isa = PBXGroup;
			children = (
				F2D2C3BA2A2F903C00870BDB /* HomeViewModel.swift */,
				F2A72A002A3024E5001F59A8 /* SharedDataModel.swift */,
			);
			path = ViewModel;
			sourceTree = "<group>";
		};
/* End PBXGroup section */

/* Begin PBXNativeTarget section */
		F29C72C62A2E52A300685D27 /* ECommerceAppPizza */ = {
			isa = PBXNativeTarget;
			buildConfigurationList = F29C72D52A2E52A500685D27 /* Build configuration list for PBXNativeTarget "ECommerceAppPizza" */;
			buildPhases = (
				FEAF11C815E0CCDC7E617896 /* [CP] Check Pods Manifest.lock */,
				F29C72C32A2E52A300685D27 /* Sources */,
				F29C72C42A2E52A300685D27 /* Frameworks */,
				F29C72C52A2E52A300685D27 /* Resources */,
				DC19C359AD54500CB99B1ED7 /* [CP] Embed Pods Frameworks */,
			);
			buildRules = (
			);
			dependencies = (
			);
			name = ECommerceAppPizza;
			packageProductDependencies = (
				F2108A4B2A322AC000011A1C /* FirebaseAnalytics */,
				F2108A4D2A322AC000011A1C /* FirebaseAuth */,
				F2108A4F2A322AC000011A1C /* FirebaseFirestore */,
				F2108A512A322AC000011A1C /* FirebaseFirestoreSwift */,
				F2108A532A322AC000011A1C /* FirebaseInAppMessaging-Beta */,
				F2108A552A322AC000011A1C /* FirebaseInAppMessagingSwift-Beta */,
				F2108A572A322AC000011A1C /* FirebaseMessaging */,
				F2108A592A322AC000011A1C /* FirebaseStorage */,
				F27496642A37443900C87793 /* SDWebImageSwiftUI */,
				F21810892A3CD42500A5BA51 /* iPhoneNumberField */,
			);
			productName = ECommerceAppPizza;
			productReference = F29C72C72A2E52A300685D27 /* ECommerceAppPizza.app */;
			productType = "com.apple.product-type.application";
		};
/* End PBXNativeTarget section */

/* Begin PBXProject section */
		F29C72BF2A2E52A300685D27 /* Project object */ = {
			isa = PBXProject;
			attributes = {
				BuildIndependentTargetsInParallel = 1;
				LastSwiftUpdateCheck = 1430;
				LastUpgradeCheck = 1430;
				TargetAttributes = {
					F29C72C62A2E52A300685D27 = {
						CreatedOnToolsVersion = 14.3.1;
					};
				};
			};
			buildConfigurationList = F29C72C22A2E52A300685D27 /* Build configuration list for PBXProject "ECommerceAppPizza" */;
			compatibilityVersion = "Xcode 14.0";
			developmentRegion = en;
			hasScannedForEncodings = 0;
			knownRegions = (
				en,
				Base,
			);
			mainGroup = F29C72BE2A2E52A300685D27;
			packageReferences = (
				F2108A4A2A322AC000011A1C /* XCRemoteSwiftPackageReference "firebase-ios-sdk" */,
				F27496632A37443900C87793 /* XCRemoteSwiftPackageReference "SDWebImageSwiftUI" */,
				F21810882A3CD42500A5BA51 /* XCRemoteSwiftPackageReference "iPhoneNumberField" */,
			);
			productRefGroup = F29C72C82A2E52A300685D27 /* Products */;
			projectDirPath = "";
			projectRoot = "";
			targets = (
				F29C72C62A2E52A300685D27 /* ECommerceAppPizza */,
			);
		};
/* End PBXProject section */

/* Begin PBXResourcesBuildPhase section */
		F29C72C52A2E52A300685D27 /* Resources */ = {
			isa = PBXResourcesBuildPhase;
			buildActionMask = 2147483647;
			files = (
				F2D2C3B22A2F88D100870BDB /* Raleway-SemiBold.ttf in Resources */,
				F21810872A3CBBD000A5BA51 /* calculator.json in Resources */,
				F2D2C3B42A2F88D100870BDB /* Raleway-Regular.ttf in Resources */,
				F29C72D22A2E52A500685D27 /* Preview Assets.xcassets in Resources */,
				F29C72CF2A2E52A500685D27 /* Assets.xcassets in Resources */,
				F2D2C3B32A2F88D100870BDB /* Raleway-Bold.ttf in Resources */,
				F21810812A3CBACE00A5BA51 /* pizza.json in Resources */,
				F2108A5F2A32309400011A1C /* GoogleService-Info.plist in Resources */,
			);
			runOnlyForDeploymentPostprocessing = 0;
		};
/* End PBXResourcesBuildPhase section */

/* Begin PBXShellScriptBuildPhase section */
		DC19C359AD54500CB99B1ED7 /* [CP] Embed Pods Frameworks */ = {
			isa = PBXShellScriptBuildPhase;
			buildActionMask = 2147483647;
			files = (
			);
			inputFileListPaths = (
				"${PODS_ROOT}/Target Support Files/Pods-ECommerceAppPizza/Pods-ECommerceAppPizza-frameworks-${CONFIGURATION}-input-files.xcfilelist",
			);
			name = "[CP] Embed Pods Frameworks";
			outputFileListPaths = (
				"${PODS_ROOT}/Target Support Files/Pods-ECommerceAppPizza/Pods-ECommerceAppPizza-frameworks-${CONFIGURATION}-output-files.xcfilelist",
			);
			runOnlyForDeploymentPostprocessing = 0;
			shellPath = /bin/sh;
			shellScript = "\"${PODS_ROOT}/Target Support Files/Pods-ECommerceAppPizza/Pods-ECommerceAppPizza-frameworks.sh\"\n";
			showEnvVarsInLog = 0;
		};
		FEAF11C815E0CCDC7E617896 /* [CP] Check Pods Manifest.lock */ = {
			isa = PBXShellScriptBuildPhase;
			buildActionMask = 2147483647;
			files = (
			);
			inputFileListPaths = (
			);
			inputPaths = (
				"${PODS_PODFILE_DIR_PATH}/Podfile.lock",
				"${PODS_ROOT}/Manifest.lock",
			);
			name = "[CP] Check Pods Manifest.lock";
			outputFileListPaths = (
			);
			outputPaths = (
				"$(DERIVED_FILE_DIR)/Pods-ECommerceAppPizza-checkManifestLockResult.txt",
			);
			runOnlyForDeploymentPostprocessing = 0;
			shellPath = /bin/sh;
			shellScript = "diff \"${PODS_PODFILE_DIR_PATH}/Podfile.lock\" \"${PODS_ROOT}/Manifest.lock\" > /dev/null\nif [ $? != 0 ] ; then\n    # print error to STDERR\n    echo \"error: The sandbox is not in sync with the Podfile.lock. Run 'pod install' or update your CocoaPods installation.\" >&2\n    exit 1\nfi\n# This output is used by Xcode 'outputs' to avoid re-running this script phase.\necho \"SUCCESS\" > \"${SCRIPT_OUTPUT_FILE_0}\"\n";
			showEnvVarsInLog = 0;
		};
/* End PBXShellScriptBuildPhase section */

/* Begin PBXSourcesBuildPhase section */
		F29C72C32A2E52A300685D27 /* Sources */ = {
			isa = PBXSourcesBuildPhase;
			buildActionMask = 2147483647;
			files = (
				F2D2C3C32A2FC44200870BDB /* ProfilePage.swift in Sources */,
				F2A72A032A302EF9001F59A8 /* CustomCorners.swift in Sources */,
				F2A729FF2A3024A1001F59A8 /* ProductDetailView.swift in Sources */,
				F29C72CD2A2E52A300685D27 /* MainPage.swift in Sources */,
				F2D2C3B82A2F8DE300870BDB /* Product.swift in Sources */,
				F2D2C3AD2A2F855A00870BDB /* Home.swift in Sources */,
				F2D2C3BF2A2FAC3C00870BDB /* SearchView.swift in Sources */,
				F21810832A3CBB1B00A5BA51 /* LottieView.swift in Sources */,
				F2D2C3BB2A2F903C00870BDB /* HomeViewModel.swift in Sources */,
				F2108A622A323A5B00011A1C /* DataBaseService.swift in Sources */,
				F274966A2A375CEF00C87793 /* CartDetailPage.swift in Sources */,
				F2D2C3C12A2FB62200870BDB /* StraggeredGrid.swift in Sources */,
				F29C72CB2A2E52A300685D27 /* ECommerceAppPizzaApp.swift in Sources */,
				F2415CB72A376A970006A496 /* Order.swift in Sources */,
				F2108A472A31DCA700011A1C /* LikedPage.swift in Sources */,
				F2A72A012A3024E5001F59A8 /* SharedDataModel.swift in Sources */,
				F2108A492A32194300011A1C /* CartPage.swift in Sources */,
				F2D2C3BD2A2F9D8900870BDB /* MoreProductsView.swift in Sources */,
				F2415CBA2A37799D0006A496 /* Position.swift in Sources */,
				F27496682A37513800C87793 /* CustomSegmentedControl.swift in Sources */,
			);
			runOnlyForDeploymentPostprocessing = 0;
		};
/* End PBXSourcesBuildPhase section */

/* Begin XCBuildConfiguration section */
		F29C72D32A2E52A500685D27 /* Debug */ = {
			isa = XCBuildConfiguration;
			buildSettings = {
				ALWAYS_SEARCH_USER_PATHS = NO;
				CLANG_ANALYZER_NONNULL = YES;
				CLANG_ANALYZER_NUMBER_OBJECT_CONVERSION = YES_AGGRESSIVE;
				CLANG_CXX_LANGUAGE_STANDARD = "gnu++20";
				CLANG_ENABLE_MODULES = YES;
				CLANG_ENABLE_OBJC_ARC = YES;
				CLANG_ENABLE_OBJC_WEAK = YES;
				CLANG_WARN_BLOCK_CAPTURE_AUTORELEASING = YES;
				CLANG_WARN_BOOL_CONVERSION = YES;
				CLANG_WARN_COMMA = YES;
				CLANG_WARN_CONSTANT_CONVERSION = YES;
				CLANG_WARN_DEPRECATED_OBJC_IMPLEMENTATIONS = YES;
				CLANG_WARN_DIRECT_OBJC_ISA_USAGE = YES_ERROR;
				CLANG_WARN_DOCUMENTATION_COMMENTS = YES;
				CLANG_WARN_EMPTY_BODY = YES;
				CLANG_WARN_ENUM_CONVERSION = YES;
				CLANG_WARN_INFINITE_RECURSION = YES;
				CLANG_WARN_INT_CONVERSION = YES;
				CLANG_WARN_NON_LITERAL_NULL_CONVERSION = YES;
				CLANG_WARN_OBJC_IMPLICIT_RETAIN_SELF = YES;
				CLANG_WARN_OBJC_LITERAL_CONVERSION = YES;
				CLANG_WARN_OBJC_ROOT_CLASS = YES_ERROR;
				CLANG_WARN_QUOTED_INCLUDE_IN_FRAMEWORK_HEADER = YES;
				CLANG_WARN_RANGE_LOOP_ANALYSIS = YES;
				CLANG_WARN_STRICT_PROTOTYPES = YES;
				CLANG_WARN_SUSPICIOUS_MOVE = YES;
				CLANG_WARN_UNGUARDED_AVAILABILITY = YES_AGGRESSIVE;
				CLANG_WARN_UNREACHABLE_CODE = YES;
				CLANG_WARN__DUPLICATE_METHOD_MATCH = YES;
				COPY_PHASE_STRIP = NO;
				DEBUG_INFORMATION_FORMAT = dwarf;
				ENABLE_STRICT_OBJC_MSGSEND = YES;
				ENABLE_TESTABILITY = YES;
				GCC_C_LANGUAGE_STANDARD = gnu11;
				GCC_DYNAMIC_NO_PIC = NO;
				GCC_NO_COMMON_BLOCKS = YES;
				GCC_OPTIMIZATION_LEVEL = 0;
				GCC_PREPROCESSOR_DEFINITIONS = (
					"DEBUG=1",
					"$(inherited)",
				);
				GCC_WARN_64_TO_32_BIT_CONVERSION = YES;
				GCC_WARN_ABOUT_RETURN_TYPE = YES_ERROR;
				GCC_WARN_UNDECLARED_SELECTOR = YES;
				GCC_WARN_UNINITIALIZED_AUTOS = YES_AGGRESSIVE;
				GCC_WARN_UNUSED_FUNCTION = YES;
				GCC_WARN_UNUSED_VARIABLE = YES;
				IPHONEOS_DEPLOYMENT_TARGET = 16.4;
				MTL_ENABLE_DEBUG_INFO = INCLUDE_SOURCE;
				MTL_FAST_MATH = YES;
				ONLY_ACTIVE_ARCH = YES;
				SDKROOT = iphoneos;
				SWIFT_ACTIVE_COMPILATION_CONDITIONS = DEBUG;
				SWIFT_OPTIMIZATION_LEVEL = "-Onone";
			};
			name = Debug;
		};
		F29C72D42A2E52A500685D27 /* Release */ = {
			isa = XCBuildConfiguration;
			buildSettings = {
				ALWAYS_SEARCH_USER_PATHS = NO;
				CLANG_ANALYZER_NONNULL = YES;
				CLANG_ANALYZER_NUMBER_OBJECT_CONVERSION = YES_AGGRESSIVE;
				CLANG_CXX_LANGUAGE_STANDARD = "gnu++20";
				CLANG_ENABLE_MODULES = YES;
				CLANG_ENABLE_OBJC_ARC = YES;
				CLANG_ENABLE_OBJC_WEAK = YES;
				CLANG_WARN_BLOCK_CAPTURE_AUTORELEASING = YES;
				CLANG_WARN_BOOL_CONVERSION = YES;
				CLANG_WARN_COMMA = YES;
				CLANG_WARN_CONSTANT_CONVERSION = YES;
				CLANG_WARN_DEPRECATED_OBJC_IMPLEMENTATIONS = YES;
				CLANG_WARN_DIRECT_OBJC_ISA_USAGE = YES_ERROR;
				CLANG_WARN_DOCUMENTATION_COMMENTS = YES;
				CLANG_WARN_EMPTY_BODY = YES;
				CLANG_WARN_ENUM_CONVERSION = YES;
				CLANG_WARN_INFINITE_RECURSION = YES;
				CLANG_WARN_INT_CONVERSION = YES;
				CLANG_WARN_NON_LITERAL_NULL_CONVERSION = YES;
				CLANG_WARN_OBJC_IMPLICIT_RETAIN_SELF = YES;
				CLANG_WARN_OBJC_LITERAL_CONVERSION = YES;
				CLANG_WARN_OBJC_ROOT_CLASS = YES_ERROR;
				CLANG_WARN_QUOTED_INCLUDE_IN_FRAMEWORK_HEADER = YES;
				CLANG_WARN_RANGE_LOOP_ANALYSIS = YES;
				CLANG_WARN_STRICT_PROTOTYPES = YES;
				CLANG_WARN_SUSPICIOUS_MOVE = YES;
				CLANG_WARN_UNGUARDED_AVAILABILITY = YES_AGGRESSIVE;
				CLANG_WARN_UNREACHABLE_CODE = YES;
				CLANG_WARN__DUPLICATE_METHOD_MATCH = YES;
				COPY_PHASE_STRIP = NO;
				DEBUG_INFORMATION_FORMAT = "dwarf-with-dsym";
				ENABLE_NS_ASSERTIONS = NO;
				ENABLE_STRICT_OBJC_MSGSEND = YES;
				GCC_C_LANGUAGE_STANDARD = gnu11;
				GCC_NO_COMMON_BLOCKS = YES;
				GCC_WARN_64_TO_32_BIT_CONVERSION = YES;
				GCC_WARN_ABOUT_RETURN_TYPE = YES_ERROR;
				GCC_WARN_UNDECLARED_SELECTOR = YES;
				GCC_WARN_UNINITIALIZED_AUTOS = YES_AGGRESSIVE;
				GCC_WARN_UNUSED_FUNCTION = YES;
				GCC_WARN_UNUSED_VARIABLE = YES;
				IPHONEOS_DEPLOYMENT_TARGET = 16.4;
				MTL_ENABLE_DEBUG_INFO = NO;
				MTL_FAST_MATH = YES;
				SDKROOT = iphoneos;
				SWIFT_COMPILATION_MODE = wholemodule;
				SWIFT_OPTIMIZATION_LEVEL = "-O";
				VALIDATE_PRODUCT = YES;
			};
			name = Release;
		};
		F29C72D62A2E52A500685D27 /* Debug */ = {
			isa = XCBuildConfiguration;
			baseConfigurationReference = F121480E843612724C0EDD16 /* Pods-ECommerceAppPizza.debug.xcconfig */;
			buildSettings = {
				ASSETCATALOG_COMPILER_APPICON_NAME = AppIcon;
				ASSETCATALOG_COMPILER_GLOBAL_ACCENT_COLOR_NAME = AccentColor;
				CODE_SIGN_STYLE = Automatic;
				CURRENT_PROJECT_VERSION = 1;
				DEVELOPMENT_ASSET_PATHS = "\"ECommerceAppPizza/Preview Content\"";
				DEVELOPMENT_TEAM = T73BLRAKR5;
				ENABLE_PREVIEWS = YES;
				GENERATE_INFOPLIST_FILE = YES;
				INFOPLIST_FILE = ECommerceAppPizza/Info.plist;
				INFOPLIST_KEY_UIApplicationSceneManifest_Generation = YES;
				INFOPLIST_KEY_UIApplicationSupportsIndirectInputEvents = YES;
				INFOPLIST_KEY_UILaunchScreen_Generation = YES;
				INFOPLIST_KEY_UISupportedInterfaceOrientations_iPad = "UIInterfaceOrientationPortrait UIInterfaceOrientationPortraitUpsideDown UIInterfaceOrientationLandscapeLeft UIInterfaceOrientationLandscapeRight";
				INFOPLIST_KEY_UISupportedInterfaceOrientations_iPhone = "UIInterfaceOrientationPortrait UIInterfaceOrientationLandscapeLeft UIInterfaceOrientationLandscapeRight";
				IPHONEOS_DEPLOYMENT_TARGET = 15.0;
				LD_RUNPATH_SEARCH_PATHS = (
					"$(inherited)",
					"@executable_path/Frameworks",
				);
				MARKETING_VERSION = 1.0;
				PRODUCT_BUNDLE_IDENTIFIER = com.ECommerceAppPizza;
				PRODUCT_NAME = "$(TARGET_NAME)";
				SWIFT_EMIT_LOC_STRINGS = YES;
				SWIFT_VERSION = 5.0;
				TARGETED_DEVICE_FAMILY = "1,2";
			};
			name = Debug;
		};
		F29C72D72A2E52A500685D27 /* Release */ = {
			isa = XCBuildConfiguration;
			baseConfigurationReference = 01044FBAB635B860971D122B /* Pods-ECommerceAppPizza.release.xcconfig */;
			buildSettings = {
				ASSETCATALOG_COMPILER_APPICON_NAME = AppIcon;
				ASSETCATALOG_COMPILER_GLOBAL_ACCENT_COLOR_NAME = AccentColor;
				CODE_SIGN_STYLE = Automatic;
				CURRENT_PROJECT_VERSION = 1;
				DEVELOPMENT_ASSET_PATHS = "\"ECommerceAppPizza/Preview Content\"";
				DEVELOPMENT_TEAM = T73BLRAKR5;
				ENABLE_PREVIEWS = YES;
				GENERATE_INFOPLIST_FILE = YES;
				INFOPLIST_FILE = ECommerceAppPizza/Info.plist;
				INFOPLIST_KEY_UIApplicationSceneManifest_Generation = YES;
				INFOPLIST_KEY_UIApplicationSupportsIndirectInputEvents = YES;
				INFOPLIST_KEY_UILaunchScreen_Generation = YES;
				INFOPLIST_KEY_UISupportedInterfaceOrientations_iPad = "UIInterfaceOrientationPortrait UIInterfaceOrientationPortraitUpsideDown UIInterfaceOrientationLandscapeLeft UIInterfaceOrientationLandscapeRight";
				INFOPLIST_KEY_UISupportedInterfaceOrientations_iPhone = "UIInterfaceOrientationPortrait UIInterfaceOrientationLandscapeLeft UIInterfaceOrientationLandscapeRight";
				IPHONEOS_DEPLOYMENT_TARGET = 15.0;
				LD_RUNPATH_SEARCH_PATHS = (
					"$(inherited)",
					"@executable_path/Frameworks",
				);
				MARKETING_VERSION = 1.0;
				PRODUCT_BUNDLE_IDENTIFIER = com.ECommerceAppPizza;
				PRODUCT_NAME = "$(TARGET_NAME)";
				SWIFT_EMIT_LOC_STRINGS = YES;
				SWIFT_VERSION = 5.0;
				TARGETED_DEVICE_FAMILY = "1,2";
			};
			name = Release;
		};
/* End XCBuildConfiguration section */

/* Begin XCConfigurationList section */
		F29C72C22A2E52A300685D27 /* Build configuration list for PBXProject "ECommerceAppPizza" */ = {
			isa = XCConfigurationList;
			buildConfigurations = (
				F29C72D32A2E52A500685D27 /* Debug */,
				F29C72D42A2E52A500685D27 /* Release */,
			);
			defaultConfigurationIsVisible = 0;
			defaultConfigurationName = Release;
		};
		F29C72D52A2E52A500685D27 /* Build configuration list for PBXNativeTarget "ECommerceAppPizza" */ = {
			isa = XCConfigurationList;
			buildConfigurations = (
				F29C72D62A2E52A500685D27 /* Debug */,
				F29C72D72A2E52A500685D27 /* Release */,
			);
			defaultConfigurationIsVisible = 0;
			defaultConfigurationName = Release;
		};
/* End XCConfigurationList section */

/* Begin XCRemoteSwiftPackageReference section */
		F2108A4A2A322AC000011A1C /* XCRemoteSwiftPackageReference "firebase-ios-sdk" */ = {
			isa = XCRemoteSwiftPackageReference;
			repositoryURL = "https://github.com/firebase/firebase-ios-sdk.git";
			requirement = {
				kind = upToNextMajorVersion;
				minimumVersion = 10.0.0;
			};
		};
		F21810882A3CD42500A5BA51 /* XCRemoteSwiftPackageReference "iPhoneNumberField" */ = {
			isa = XCRemoteSwiftPackageReference;
			repositoryURL = "https://github.com/MojtabaHs/iPhoneNumberField.git";
			requirement = {
				kind = upToNextMajorVersion;
				minimumVersion = 0.10.1;
			};
		};
		F27496632A37443900C87793 /* XCRemoteSwiftPackageReference "SDWebImageSwiftUI" */ = {
			isa = XCRemoteSwiftPackageReference;
			repositoryURL = "https://github.com/SDWebImage/SDWebImageSwiftUI.git";
			requirement = {
				kind = upToNextMajorVersion;
				minimumVersion = 2.0.0;
			};
		};
/* End XCRemoteSwiftPackageReference section */

/* Begin XCSwiftPackageProductDependency section */
		F2108A4B2A322AC000011A1C /* FirebaseAnalytics */ = {
			isa = XCSwiftPackageProductDependency;
			package = F2108A4A2A322AC000011A1C /* XCRemoteSwiftPackageReference "firebase-ios-sdk" */;
			productName = FirebaseAnalytics;
		};
		F2108A4D2A322AC000011A1C /* FirebaseAuth */ = {
			isa = XCSwiftPackageProductDependency;
			package = F2108A4A2A322AC000011A1C /* XCRemoteSwiftPackageReference "firebase-ios-sdk" */;
			productName = FirebaseAuth;
		};
		F2108A4F2A322AC000011A1C /* FirebaseFirestore */ = {
			isa = XCSwiftPackageProductDependency;
			package = F2108A4A2A322AC000011A1C /* XCRemoteSwiftPackageReference "firebase-ios-sdk" */;
			productName = FirebaseFirestore;
		};
		F2108A512A322AC000011A1C /* FirebaseFirestoreSwift */ = {
			isa = XCSwiftPackageProductDependency;
			package = F2108A4A2A322AC000011A1C /* XCRemoteSwiftPackageReference "firebase-ios-sdk" */;
			productName = FirebaseFirestoreSwift;
		};
		F2108A532A322AC000011A1C /* FirebaseInAppMessaging-Beta */ = {
			isa = XCSwiftPackageProductDependency;
			package = F2108A4A2A322AC000011A1C /* XCRemoteSwiftPackageReference "firebase-ios-sdk" */;
			productName = "FirebaseInAppMessaging-Beta";
		};
		F2108A552A322AC000011A1C /* FirebaseInAppMessagingSwift-Beta */ = {
			isa = XCSwiftPackageProductDependency;
			package = F2108A4A2A322AC000011A1C /* XCRemoteSwiftPackageReference "firebase-ios-sdk" */;
			productName = "FirebaseInAppMessagingSwift-Beta";
		};
		F2108A572A322AC000011A1C /* FirebaseMessaging */ = {
			isa = XCSwiftPackageProductDependency;
			package = F2108A4A2A322AC000011A1C /* XCRemoteSwiftPackageReference "firebase-ios-sdk" */;
			productName = FirebaseMessaging;
		};
		F2108A592A322AC000011A1C /* FirebaseStorage */ = {
			isa = XCSwiftPackageProductDependency;
			package = F2108A4A2A322AC000011A1C /* XCRemoteSwiftPackageReference "firebase-ios-sdk" */;
			productName = FirebaseStorage;
		};
		F21810892A3CD42500A5BA51 /* iPhoneNumberField */ = {
			isa = XCSwiftPackageProductDependency;
			package = F21810882A3CD42500A5BA51 /* XCRemoteSwiftPackageReference "iPhoneNumberField" */;
			productName = iPhoneNumberField;
		};
		F27496642A37443900C87793 /* SDWebImageSwiftUI */ = {
			isa = XCSwiftPackageProductDependency;
			package = F27496632A37443900C87793 /* XCRemoteSwiftPackageReference "SDWebImageSwiftUI" */;
			productName = SDWebImageSwiftUI;
		};
/* End XCSwiftPackageProductDependency section */
	};
	rootObject = F29C72BF2A2E52A300685D27 /* Project object */;
}
